
Microsoft Visual Studio Solution File, Format Version 12.00
# Visual Studio 15
Project("{FAE04EC0-301F-11D3-BF4B-00C04F79EFBC}") = "Assembly-CSharp", "Assembly-CSharp.csproj", "{8902AF36-189F-35BE-1295-1887ED298A33}"
EndProject
Project("{FAE04EC0-301F-11D3-BF4B-00C04F79EFBC}") = "Assembly-CSharp-Editor", "Assembly-CSharp-Editor.csproj", "{04EE44F3-4066-8820-62C7-67DC53195085}"
EndProject
Global
	GlobalSection(SolutionConfigurationPlatforms) = preSolution
		Debug|Any CPU = Debug|Any CPU
		Release|Any CPU = Release|Any CPU
	EndGlobalSection
	GlobalSection(ProjectConfigurationPlatforms) = postSolution
		{8902AF36-189F-35BE-1295-1887ED298A33}.Debug|Any CPU.ActiveCfg = Debug|Any CPU
		{8902AF36-189F-35BE-1295-1887ED298A33}.Debug|Any CPU.Build.0 = Debug|Any CPU
		{8902AF36-189F-35BE-1295-1887ED298A33}.Release|Any CPU.ActiveCfg = Release|Any CPU
		{8902AF36-189F-35BE-1295-1887ED298A33}.Release|Any CPU.Build.0 = Release|Any CPU
		{04EE44F3-4066-8820-62C7-67DC53195085}.Debug|Any CPU.ActiveCfg = Debug|Any CPU
		{04EE44F3-4066-8820-62C7-67DC53195085}.Debug|Any CPU.Build.0 = Debug|Any CPU
		{04EE44F3-4066-8820-62C7-67DC53195085}.Release|Any CPU.ActiveCfg = Release|Any CPU
		{04EE44F3-4066-8820-62C7-67DC53195085}.Release|Any CPU.Build.0 = Release|Any CPU
	EndGlobalSection
	GlobalSection(SolutionProperties) = preSolution
		HideSolutionNode = FALSE
	EndGlobalSection
EndGlobal
